// !$*UTF8*$!
{
	archiveVersion = 1;
	classes = {
	};
	objectVersion = 56;
	objects = {

/* Begin PBXBuildFile section */
		A2C537382C26A8E0005AE187 /* AppDelegate.swift in Sources */ = {isa = PBXBuildFile; fileRef = A2C537372C26A8E0005AE187 /* AppDelegate.swift */; };
		A2C5373A2C26A8E0005AE187 /* SceneDelegate.swift in Sources */ = {isa = PBXBuildFile; fileRef = A2C537392C26A8E0005AE187 /* SceneDelegate.swift */; };
		A2C5373C2C26A8E0005AE187 /* ViewController.swift in Sources */ = {isa = PBXBuildFile; fileRef = A2C5373B2C26A8E0005AE187 /* ViewController.swift */; };
		A2C5373F2C26A8E0005AE187 /* Main.storyboard in Resources */ = {isa = PBXBuildFile; fileRef = A2C5373D2C26A8E0005AE187 /* Main.storyboard */; };
		A2C537412C26A8E1005AE187 /* Assets.xcassets in Resources */ = {isa = PBXBuildFile; fileRef = A2C537402C26A8E1005AE187 /* Assets.xcassets */; };
		A2C537442C26A8E1005AE187 /* LaunchScreen.storyboard in Resources */ = {isa = PBXBuildFile; fileRef = A2C537422C26A8E1005AE187 /* LaunchScreen.storyboard */; };
		A2C5374F2C26A8E1005AE187 /* CaptureItTests.swift in Sources */ = {isa = PBXBuildFile; fileRef = A2C5374E2C26A8E1005AE187 /* CaptureItTests.swift */; };
		A2C537592C26A8E1005AE187 /* CaptureItUITests.swift in Sources */ = {isa = PBXBuildFile; fileRef = A2C537582C26A8E1005AE187 /* CaptureItUITests.swift */; };
		A2C5375B2C26A8E1005AE187 /* CaptureItUITestsLaunchTests.swift in Sources */ = {isa = PBXBuildFile; fileRef = A2C5375A2C26A8E1005AE187 /* CaptureItUITestsLaunchTests.swift */; };
/* End PBXBuildFile section */

/* Begin PBXContainerItemProxy section */
		A2C5374B2C26A8E1005AE187 /* PBXContainerItemProxy */ = {
			isa = PBXContainerItemProxy;
			containerPortal = A2C5372C2C26A8E0005AE187 /* Project object */;
			proxyType = 1;
			remoteGlobalIDString = A2C537332C26A8E0005AE187;
			remoteInfo = CaptureIt;
		};
		A2C537552C26A8E1005AE187 /* PBXContainerItemProxy */ = {
			isa = PBXContainerItemProxy;
			containerPortal = A2C5372C2C26A8E0005AE187 /* Project object */;
			proxyType = 1;
			remoteGlobalIDString = A2C537332C26A8E0005AE187;
			remoteInfo = CaptureIt;
		};
/* End PBXContainerItemProxy section */

/* Begin PBXFileReference section */
		A2C537342C26A8E0005AE187 /* CaptureIt.app */ = {isa = PBXFileReference; explicitFileType = wrapper.application; includeInIndex = 0; path = CaptureIt.app; sourceTree = BUILT_PRODUCTS_DIR; };
		A2C537372C26A8E0005AE187 /* AppDelegate.swift */ = {isa = PBXFileReference; lastKnownFileType = sourcecode.swift; path = AppDelegate.swift; sourceTree = "<group>"; };
		A2C537392C26A8E0005AE187 /* SceneDelegate.swift */ = {isa = PBXFileReference; lastKnownFileType = sourcecode.swift; path = SceneDelegate.swift; sourceTree = "<group>"; };
		A2C5373B2C26A8E0005AE187 /* ViewController.swift */ = {isa = PBXFileReference; lastKnownFileType = sourcecode.swift; path = ViewController.swift; sourceTree = "<group>"; };
		A2C5373E2C26A8E0005AE187 /* Base */ = {isa = PBXFileReference; lastKnownFileType = file.storyboard; name = Base; path = Base.lproj/Main.storyboard; sourceTree = "<group>"; };
		A2C537402C26A8E1005AE187 /* Assets.xcassets */ = {isa = PBXFileReference; lastKnownFileType = folder.assetcatalog; path = Assets.xcassets; sourceTree = "<group>"; };
		A2C537432C26A8E1005AE187 /* Base */ = {isa = PBXFileReference; lastKnownFileType = file.storyboard; name = Base; path = Base.lproj/LaunchScreen.storyboard; sourceTree = "<group>"; };
		A2C537452C26A8E1005AE187 /* Info.plist */ = {isa = PBXFileReference; lastKnownFileType = text.plist.xml; path = Info.plist; sourceTree = "<group>"; };
		A2C5374A2C26A8E1005AE187 /* CaptureItTests.xctest */ = {isa = PBXFileReference; explicitFileType = wrapper.cfbundle; includeInIndex = 0; path = CaptureItTests.xctest; sourceTree = BUILT_PRODUCTS_DIR; };
		A2C5374E2C26A8E1005AE187 /* CaptureItTests.swift */ = {isa = PBXFileReference; lastKnownFileType = sourcecode.swift; path = CaptureItTests.swift; sourceTree = "<group>"; };
		A2C537542C26A8E1005AE187 /* CaptureItUITests.xctest */ = {isa = PBXFileReference; explicitFileType = wrapper.cfbundle; includeInIndex = 0; path = CaptureItUITests.xctest; sourceTree = BUILT_PRODUCTS_DIR; };
		A2C537582C26A8E1005AE187 /* CaptureItUITests.swift */ = {isa = PBXFileReference; lastKnownFileType = sourcecode.swift; path = CaptureItUITests.swift; sourceTree = "<group>"; };
		A2C5375A2C26A8E1005AE187 /* CaptureItUITestsLaunchTests.swift */ = {isa = PBXFileReference; lastKnownFileType = sourcecode.swift; path = CaptureItUITestsLaunchTests.swift; sourceTree = "<group>"; };
/* End PBXFileReference section */

/* Begin PBXFrameworksBuildPhase section */
		A2C537312C26A8E0005AE187 /* Frameworks */ = {
			isa = PBXFrameworksBuildPhase;
			buildActionMask = 2147483647;
			files = (
			);
			runOnlyForDeploymentPostprocessing = 0;
		};
		A2C537472C26A8E1005AE187 /* Frameworks */ = {
			isa = PBXFrameworksBuildPhase;
			buildActionMask = 2147483647;
			files = (
			);
			runOnlyForDeploymentPostprocessing = 0;
		};
		A2C537512C26A8E1005AE187 /* Frameworks */ = {
			isa = PBXFrameworksBuildPhase;
			buildActionMask = 2147483647;
			files = (
			);
			runOnlyForDeploymentPostprocessing = 0;
		};
/* End PBXFrameworksBuildPhase section */

/* Begin PBXGroup section */
		A2C5372B2C26A8E0005AE187 = {
			isa = PBXGroup;
			children = (
				A2C537362C26A8E0005AE187 /* CaptureIt */,
				A2C5374D2C26A8E1005AE187 /* CaptureItTests */,
				A2C537572C26A8E1005AE187 /* CaptureItUITests */,
				A2C537352C26A8E0005AE187 /* Products */,
			);
			sourceTree = "<group>";
		};
		A2C537352C26A8E0005AE187 /* Products */ = {
			isa = PBXGroup;
			children = (
				A2C537342C26A8E0005AE187 /* CaptureIt.app */,
				A2C5374A2C26A8E1005AE187 /* CaptureItTests.xctest */,
				A2C537542C26A8E1005AE187 /* CaptureItUITests.xctest */,
			);
			name = Products;
			sourceTree = "<group>";
		};
		A2C537362C26A8E0005AE187 /* CaptureIt */ = {
			isa = PBXGroup;
			children = (
				A2C537372C26A8E0005AE187 /* AppDelegate.swift */,
				A2C537392C26A8E0005AE187 /* SceneDelegate.swift */,
				A2C5373B2C26A8E0005AE187 /* ViewController.swift */,
				A2C5373D2C26A8E0005AE187 /* Main.storyboard */,
				A2C537402C26A8E1005AE187 /* Assets.xcassets */,
				A2C537422C26A8E1005AE187 /* LaunchScreen.storyboard */,
				A2C537452C26A8E1005AE187 /* Info.plist */,
			);
			path = CaptureIt;
			sourceTree = "<group>";
		};
		A2C5374D2C26A8E1005AE187 /* CaptureItTests */ = {
			isa = PBXGroup;
			children = (
				A2C5374E2C26A8E1005AE187 /* CaptureItTests.swift */,
			);
			path = CaptureItTests;
			sourceTree = "<group>";
		};
		A2C537572C26A8E1005AE187 /* CaptureItUITests */ = {
			isa = PBXGroup;
			children = (
				A2C537582C26A8E1005AE187 /* CaptureItUITests.swift */,
				A2C5375A2C26A8E1005AE187 /* CaptureItUITestsLaunchTests.swift */,
			);
			path = CaptureItUITests;
			sourceTree = "<group>";
		};
/* End PBXGroup section */

/* Begin PBXNativeTarget section */
		A2C537332C26A8E0005AE187 /* CaptureIt */ = {
			isa = PBXNativeTarget;
			buildConfigurationList = A2C5375E2C26A8E1005AE187 /* Build configuration list for PBXNativeTarget "CaptureIt" */;
			buildPhases = (
				A2C537302C26A8E0005AE187 /* Sources */,
				A2C537312C26A8E0005AE187 /* Frameworks */,
				A2C537322C26A8E0005AE187 /* Resources */,
			);
			buildRules = (
			);
			dependencies = (
			);
			name = CaptureIt;
			productName = CaptureIt;
			productReference = A2C537342C26A8E0005AE187 /* CaptureIt.app */;
			productType = "com.apple.product-type.application";
		};
		A2C537492C26A8E1005AE187 /* CaptureItTests */ = {
			isa = PBXNativeTarget;
			buildConfigurationList = A2C537612C26A8E1005AE187 /* Build configuration list for PBXNativeTarget "CaptureItTests" */;
			buildPhases = (
				A2C537462C26A8E1005AE187 /* Sources */,
				A2C537472C26A8E1005AE187 /* Frameworks */,
				A2C537482C26A8E1005AE187 /* Resources */,
			);
			buildRules = (
			);
			dependencies = (
				A2C5374C2C26A8E1005AE187 /* PBXTargetDependency */,
			);
			name = CaptureItTests;
			productName = CaptureItTests;
			productReference = A2C5374A2C26A8E1005AE187 /* CaptureItTests.xctest */;
			productType = "com.apple.product-type.bundle.unit-test";
		};
		A2C537532C26A8E1005AE187 /* CaptureItUITests */ = {
			isa = PBXNativeTarget;
			buildConfigurationList = A2C537642C26A8E1005AE187 /* Build configuration list for PBXNativeTarget "CaptureItUITests" */;
			buildPhases = (
				A2C537502C26A8E1005AE187 /* Sources */,
				A2C537512C26A8E1005AE187 /* Frameworks */,
				A2C537522C26A8E1005AE187 /* Resources */,
			);
			buildRules = (
			);
			dependencies = (
				A2C537562C26A8E1005AE187 /* PBXTargetDependency */,
			);
			name = CaptureItUITests;
			productName = CaptureItUITests;
			productReference = A2C537542C26A8E1005AE187 /* CaptureItUITests.xctest */;
			productType = "com.apple.product-type.bundle.ui-testing";
		};
/* End PBXNativeTarget section */

/* Begin PBXProject section */
		A2C5372C2C26A8E0005AE187 /* Project object */ = {
			isa = PBXProject;
			attributes = {
				BuildIndependentTargetsInParallel = 1;
				LastSwiftUpdateCheck = 1500;
				LastUpgradeCheck = 1500;
				TargetAttributes = {
					A2C537332C26A8E0005AE187 = {
						CreatedOnToolsVersion = 15.0;
					};
					A2C537492C26A8E1005AE187 = {
						CreatedOnToolsVersion = 15.0;
						TestTargetID = A2C537332C26A8E0005AE187;
					};
					A2C537532C26A8E1005AE187 = {
						CreatedOnToolsVersion = 15.0;
						TestTargetID = A2C537332C26A8E0005AE187;
					};
				};
			};
			buildConfigurationList = A2C5372F2C26A8E0005AE187 /* Build configuration list for PBXProject "CaptureIt" */;
			compatibilityVersion = "Xcode 14.0";
			developmentRegion = en;
			hasScannedForEncodings = 0;
			knownRegions = (
				en,
				Base,
			);
			mainGroup = A2C5372B2C26A8E0005AE187;
			productRefGroup = A2C537352C26A8E0005AE187 /* Products */;
			projectDirPath = "";
			projectRoot = "";
			targets = (
				A2C537332C26A8E0005AE187 /* CaptureIt */,
				A2C537492C26A8E1005AE187 /* CaptureItTests */,
				A2C537532C26A8E1005AE187 /* CaptureItUITests */,
			);
		};
/* End PBXProject section */

/* Begin PBXResourcesBuildPhase section */
		A2C537322C26A8E0005AE187 /* Resources */ = {
			isa = PBXResourcesBuildPhase;
			buildActionMask = 2147483647;
			files = (
				A2C537442C26A8E1005AE187 /* LaunchScreen.storyboard in Resources */,
				A2C537412C26A8E1005AE187 /* Assets.xcassets in Resources */,
				A2C5373F2C26A8E0005AE187 /* Main.storyboard in Resources */,
			);
			runOnlyForDeploymentPostprocessing = 0;
		};
		A2C537482C26A8E1005AE187 /* Resources */ = {
			isa = PBXResourcesBuildPhase;
			buildActionMask = 2147483647;
			files = (
			);
			runOnlyForDeploymentPostprocessing = 0;
		};
		A2C537522C26A8E1005AE187 /* Resources */ = {
			isa = PBXResourcesBuildPhase;
			buildActionMask = 2147483647;
			files = (
			);
			runOnlyForDeploymentPostprocessing = 0;
		};
/* End PBXResourcesBuildPhase section */

/* Begin PBXSourcesBuildPhase section */
		A2C537302C26A8E0005AE187 /* Sources */ = {
			isa = PBXSourcesBuildPhase;
			buildActionMask = 2147483647;
			files = (
				A2C5373C2C26A8E0005AE187 /* ViewController.swift in Sources */,
				A2C537382C26A8E0005AE187 /* AppDelegate.swift in Sources */,
				A2C5373A2C26A8E0005AE187 /* SceneDelegate.swift in Sources */,
			);
			runOnlyForDeploymentPostprocessing = 0;
		};
		A2C537462C26A8E1005AE187 /* Sources */ = {
			isa = PBXSourcesBuildPhase;
			buildActionMask = 2147483647;
			files = (
				A2C5374F2C26A8E1005AE187 /* CaptureItTests.swift in Sources */,
			);
			runOnlyForDeploymentPostprocessing = 0;
		};
		A2C537502C26A8E1005AE187 /* Sources */ = {
			isa = PBXSourcesBuildPhase;
			buildActionMask = 2147483647;
			files = (
				A2C5375B2C26A8E1005AE187 /* CaptureItUITestsLaunchTests.swift in Sources */,
				A2C537592C26A8E1005AE187 /* CaptureItUITests.swift in Sources */,
			);
			runOnlyForDeploymentPostprocessing = 0;
		};
/* End PBXSourcesBuildPhase section */

/* Begin PBXTargetDependency section */
		A2C5374C2C26A8E1005AE187 /* PBXTargetDependency */ = {
			isa = PBXTargetDependency;
			target = A2C537332C26A8E0005AE187 /* CaptureIt */;
			targetProxy = A2C5374B2C26A8E1005AE187 /* PBXContainerItemProxy */;
		};
		A2C537562C26A8E1005AE187 /* PBXTargetDependency */ = {
			isa = PBXTargetDependency;
			target = A2C537332C26A8E0005AE187 /* CaptureIt */;
			targetProxy = A2C537552C26A8E1005AE187 /* PBXContainerItemProxy */;
		};
/* End PBXTargetDependency section */

/* Begin PBXVariantGroup section */
		A2C5373D2C26A8E0005AE187 /* Main.storyboard */ = {
			isa = PBXVariantGroup;
			children = (
				A2C5373E2C26A8E0005AE187 /* Base */,
			);
			name = Main.storyboard;
			sourceTree = "<group>";
		};
		A2C537422C26A8E1005AE187 /* LaunchScreen.storyboard */ = {
			isa = PBXVariantGroup;
			children = (
				A2C537432C26A8E1005AE187 /* Base */,
			);
			name = LaunchScreen.storyboard;
			sourceTree = "<group>";
		};
/* End PBXVariantGroup section */

/* Begin XCBuildConfiguration section */
		A2C5375C2C26A8E1005AE187 /* Debug */ = {
			isa = XCBuildConfiguration;
			buildSettings = {
				ALWAYS_SEARCH_USER_PATHS = NO;
				ASSETCATALOG_COMPILER_GENERATE_SWIFT_ASSET_SYMBOL_EXTENSIONS = YES;
				CLANG_ANALYZER_NONNULL = YES;
				CLANG_ANALYZER_NUMBER_OBJECT_CONVERSION = YES_AGGRESSIVE;
				CLANG_CXX_LANGUAGE_STANDARD = "gnu++20";
				CLANG_ENABLE_MODULES = YES;
				CLANG_ENABLE_OBJC_ARC = YES;
				CLANG_ENABLE_OBJC_WEAK = YES;
				CLANG_WARN_BLOCK_CAPTURE_AUTORELEASING = YES;
				CLANG_WARN_BOOL_CONVERSION = YES;
				CLANG_WARN_COMMA = YES;
				CLANG_WARN_CONSTANT_CONVERSION = YES;
				CLANG_WARN_DEPRECATED_OBJC_IMPLEMENTATIONS = YES;
				CLANG_WARN_DIRECT_OBJC_ISA_USAGE = YES_ERROR;
				CLANG_WARN_DOCUMENTATION_COMMENTS = YES;
				CLANG_WARN_EMPTY_BODY = YES;
				CLANG_WARN_ENUM_CONVERSION = YES;
				CLANG_WARN_INFINITE_RECURSION = YES;
				CLANG_WARN_INT_CONVERSION = YES;
				CLANG_WARN_NON_LITERAL_NULL_CONVERSION = YES;
				CLANG_WARN_OBJC_IMPLICIT_RETAIN_SELF = YES;
				CLANG_WARN_OBJC_LITERAL_CONVERSION = YES;
				CLANG_WARN_OBJC_ROOT_CLASS = YES_ERROR;
				CLANG_WARN_QUOTED_INCLUDE_IN_FRAMEWORK_HEADER = YES;
				CLANG_WARN_RANGE_LOOP_ANALYSIS = YES;
				CLANG_WARN_STRICT_PROTOTYPES = YES;
				CLANG_WARN_SUSPICIOUS_MOVE = YES;
				CLANG_WARN_UNGUARDED_AVAILABILITY = YES_AGGRESSIVE;
				CLANG_WARN_UNREACHABLE_CODE = YES;
				CLANG_WARN__DUPLICATE_METHOD_MATCH = YES;
				COPY_PHASE_STRIP = NO;
				DEBUG_INFORMATION_FORMAT = dwarf;
				ENABLE_STRICT_OBJC_MSGSEND = YES;
				ENABLE_TESTABILITY = YES;
				ENABLE_USER_SCRIPT_SANDBOXING = YES;
				GCC_C_LANGUAGE_STANDARD = gnu17;
				GCC_DYNAMIC_NO_PIC = NO;
				GCC_NO_COMMON_BLOCKS = YES;
				GCC_OPTIMIZATION_LEVEL = 0;
				GCC_PREPROCESSOR_DEFINITIONS = (
					"DEBUG=1",
					"$(inherited)",
				);
				GCC_WARN_64_TO_32_BIT_CONVERSION = YES;
				GCC_WARN_ABOUT_RETURN_TYPE = YES_ERROR;
				GCC_WARN_UNDECLARED_SELECTOR = YES;
				GCC_WARN_UNINITIALIZED_AUTOS = YES_AGGRESSIVE;
				GCC_WARN_UNUSED_FUNCTION = YES;
				GCC_WARN_UNUSED_VARIABLE = YES;
				IPHONEOS_DEPLOYMENT_TARGET = 17.0;
				LOCALIZATION_PREFERS_STRING_CATALOGS = YES;
				MTL_ENABLE_DEBUG_INFO = INCLUDE_SOURCE;
				MTL_FAST_MATH = YES;
				ONLY_ACTIVE_ARCH = YES;
				SDKROOT = iphoneos;
				SWIFT_ACTIVE_COMPILATION_CONDITIONS = "DEBUG $(inherited)";
				SWIFT_OPTIMIZATION_LEVEL = "-Onone";
			};
			name = Debug;
		};
		A2C5375D2C26A8E1005AE187 /* Release */ = {
			isa = XCBuildConfiguration;
			buildSettings = {
				ALWAYS_SEARCH_USER_PATHS = NO;
				ASSETCATALOG_COMPILER_GENERATE_SWIFT_ASSET_SYMBOL_EXTENSIONS = YES;
				CLANG_ANALYZER_NONNULL = YES;
				CLANG_ANALYZER_NUMBER_OBJECT_CONVERSION = YES_AGGRESSIVE;
				CLANG_CXX_LANGUAGE_STANDARD = "gnu++20";
				CLANG_ENABLE_MODULES = YES;
				CLANG_ENABLE_OBJC_ARC = YES;
				CLANG_ENABLE_OBJC_WEAK = YES;
				CLANG_WARN_BLOCK_CAPTURE_AUTORELEASING = YES;
				CLANG_WARN_BOOL_CONVERSION = YES;
				CLANG_WARN_COMMA = YES;
				CLANG_WARN_CONSTANT_CONVERSION = YES;
				CLANG_WARN_DEPRECATED_OBJC_IMPLEMENTATIONS = YES;
				CLANG_WARN_DIRECT_OBJC_ISA_USAGE = YES_ERROR;
				CLANG_WARN_DOCUMENTATION_COMMENTS = YES;
				CLANG_WARN_EMPTY_BODY = YES;
				CLANG_WARN_ENUM_CONVERSION = YES;
				CLANG_WARN_INFINITE_RECURSION = YES;
				CLANG_WARN_INT_CONVERSION = YES;
				CLANG_WARN_NON_LITERAL_NULL_CONVERSION = YES;
				CLANG_WARN_OBJC_IMPLICIT_RETAIN_SELF = YES;
				CLANG_WARN_OBJC_LITERAL_CONVERSION = YES;
				CLANG_WARN_OBJC_ROOT_CLASS = YES_ERROR;
				CLANG_WARN_QUOTED_INCLUDE_IN_FRAMEWORK_HEADER = YES;
				CLANG_WARN_RANGE_LOOP_ANALYSIS = YES;
				CLANG_WARN_STRICT_PROTOTYPES = YES;
				CLANG_WARN_SUSPICIOUS_MOVE = YES;
				CLANG_WARN_UNGUARDED_AVAILABILITY = YES_AGGRESSIVE;
				CLANG_WARN_UNREACHABLE_CODE = YES;
				CLANG_WARN__DUPLICATE_METHOD_MATCH = YES;
				COPY_PHASE_STRIP = NO;
				DEBUG_INFORMATION_FORMAT = "dwarf-with-dsym";
				ENABLE_NS_ASSERTIONS = NO;
				ENABLE_STRICT_OBJC_MSGSEND = YES;
				ENABLE_USER_SCRIPT_SANDBOXING = YES;
				GCC_C_LANGUAGE_STANDARD = gnu17;
				GCC_NO_COMMON_BLOCKS = YES;
				GCC_WARN_64_TO_32_BIT_CONVERSION = YES;
				GCC_WARN_ABOUT_RETURN_TYPE = YES_ERROR;
				GCC_WARN_UNDECLARED_SELECTOR = YES;
				GCC_WARN_UNINITIALIZED_AUTOS = YES_AGGRESSIVE;
				GCC_WARN_UNUSED_FUNCTION = YES;
				GCC_WARN_UNUSED_VARIABLE = YES;
				IPHONEOS_DEPLOYMENT_TARGET = 17.0;
				LOCALIZATION_PREFERS_STRING_CATALOGS = YES;
				MTL_ENABLE_DEBUG_INFO = NO;
				MTL_FAST_MATH = YES;
				SDKROOT = iphoneos;
				SWIFT_COMPILATION_MODE = wholemodule;
				VALIDATE_PRODUCT = YES;
			};
			name = Release;
		};
		A2C5375F2C26A8E1005AE187 /* Debug */ = {
			isa = XCBuildConfiguration;
			buildSettings = {
				ASSETCATALOG_COMPILER_APPICON_NAME = AppIcon;
				ASSETCATALOG_COMPILER_GLOBAL_ACCENT_COLOR_NAME = AccentColor;
				CODE_SIGN_STYLE = Automatic;
				CURRENT_PROJECT_VERSION = 1;
				DEVELOPMENT_TEAM = BH9MD63W3Y;
				GENERATE_INFOPLIST_FILE = YES;
				INFOPLIST_FILE = CaptureIt/Info.plist;
				INFOPLIST_KEY_CFBundleDisplayName = CaptureIt;
				INFOPLIST_KEY_UIApplicationSupportsIndirectInputEvents = YES;
				INFOPLIST_KEY_UILaunchStoryboardName = LaunchScreen;
				INFOPLIST_KEY_UIMainStoryboardFile = Main;
				INFOPLIST_KEY_UISupportedInterfaceOrientations_iPad = "UIInterfaceOrientationPortrait UIInterfaceOrientationPortraitUpsideDown UIInterfaceOrientationLandscapeLeft UIInterfaceOrientationLandscapeRight";
				INFOPLIST_KEY_UISupportedInterfaceOrientations_iPhone = "UIInterfaceOrientationPortrait UIInterfaceOrientationLandscapeLeft UIInterfaceOrientationLandscapeRight";
				IPHONEOS_DEPLOYMENT_TARGET = 13.0;
				LD_RUNPATH_SEARCH_PATHS = (
					"$(inherited)",
					"@executable_path/Frameworks",
				);
				MARKETING_VERSION = 1.0;
				PRODUCT_BUNDLE_IDENTIFIER = dhruvi.CaptureIt;
				PRODUCT_NAME = "$(TARGET_NAME)";
				SWIFT_EMIT_LOC_STRINGS = YES;
				SWIFT_VERSION = 5.0;
				TARGETED_DEVICE_FAMILY = "1,2";
			};
			name = Debug;
		};
		A2C537602C26A8E1005AE187 /* Release */ = {
			isa = XCBuildConfiguration;
			buildSettings = {
				ASSETCATALOG_COMPILER_APPICON_NAME = AppIcon;
				ASSETCATALOG_COMPILER_GLOBAL_ACCENT_COLOR_NAME = AccentColor;
				CODE_SIGN_STYLE = Automatic;
				CURRENT_PROJECT_VERSION = 1;
				DEVELOPMENT_TEAM = BH9MD63W3Y;
				GENERATE_INFOPLIST_FILE = YES;
				INFOPLIST_FILE = CaptureIt/Info.plist;
				INFOPLIST_KEY_CFBundleDisplayName = CaptureIt;
				INFOPLIST_KEY_UIApplicationSupportsIndirectInputEvents = YES;
				INFOPLIST_KEY_UILaunchStoryboardName = LaunchScreen;
				INFOPLIST_KEY_UIMainStoryboardFile = Main;
				INFOPLIST_KEY_UISupportedInterfaceOrientations_iPad = "UIInterfaceOrientationPortrait UIInterfaceOrientationPortraitUpsideDown UIInterfaceOrientationLandscapeLeft UIInterfaceOrientationLandscapeRight";
				INFOPLIST_KEY_UISupportedInterfaceOrientations_iPhone = "UIInterfaceOrientationPortrait UIInterfaceOrientationLandscapeLeft UIInterfaceOrientationLandscapeRight";
				IPHONEOS_DEPLOYMENT_TARGET = 13.0;
				LD_RUNPATH_SEARCH_PATHS = (
					"$(inherited)",
					"@executable_path/Frameworks",
				);
				MARKETING_VERSION = 1.0;
				PRODUCT_BUNDLE_IDENTIFIER = dhruvi.CaptureIt;
				PRODUCT_NAME = "$(TARGET_NAME)";
				SWIFT_EMIT_LOC_STRINGS = YES;
				SWIFT_VERSION = 5.0;
				TARGETED_DEVICE_FAMILY = "1,2";
			};
			name = Release;
		};
		A2C537622C26A8E1005AE187 /* Debug */ = {
			isa = XCBuildConfiguration;
			buildSettings = {
				ALWAYS_EMBED_SWIFT_STANDARD_LIBRARIES = YES;
				BUNDLE_LOADER = "$(TEST_HOST)";
				CODE_SIGN_STYLE = Automatic;
				CURRENT_PROJECT_VERSION = 1;
				DEVELOPMENT_TEAM = BH9MD63W3Y;
				GENERATE_INFOPLIST_FILE = YES;
				IPHONEOS_DEPLOYMENT_TARGET = 17.0;
				MARKETING_VERSION = 1.0;
				PRODUCT_BUNDLE_IDENTIFIER = dhruvi.CaptureItTests;
				PRODUCT_NAME = "$(TARGET_NAME)";
				SWIFT_EMIT_LOC_STRINGS = NO;
				SWIFT_VERSION = 5.0;
				TARGETED_DEVICE_FAMILY = "1,2";
				TEST_HOST = "$(BUILT_PRODUCTS_DIR)/CaptureIt.app/$(BUNDLE_EXECUTABLE_FOLDER_PATH)/CaptureIt";
			};
			name = Debug;
		};
		A2C537632C26A8E1005AE187 /* Release */ = {
			isa = XCBuildConfiguration;
			buildSettings = {
				ALWAYS_EMBED_SWIFT_STANDARD_LIBRARIES = YES;
				BUNDLE_LOADER = "$(TEST_HOST)";
				CODE_SIGN_STYLE = Automatic;
				CURRENT_PROJECT_VERSION = 1;
				DEVELOPMENT_TEAM = BH9MD63W3Y;
				GENERATE_INFOPLIST_FILE = YES;
				IPHONEOS_DEPLOYMENT_TARGET = 17.0;
				MARKETING_VERSION = 1.0;
				PRODUCT_BUNDLE_IDENTIFIER = dhruvi.CaptureItTests;
				PRODUCT_NAME = "$(TARGET_NAME)";
				SWIFT_EMIT_LOC_STRINGS = NO;
				SWIFT_VERSION = 5.0;
				TARGETED_DEVICE_FAMILY = "1,2";
				TEST_HOST = "$(BUILT_PRODUCTS_DIR)/CaptureIt.app/$(BUNDLE_EXECUTABLE_FOLDER_PATH)/CaptureIt";
			};
			name = Release;
		};
		A2C537652C26A8E1005AE187 /* Debug */ = {
			isa = XCBuildConfiguration;
			buildSettings = {
				ALWAYS_EMBED_SWIFT_STANDARD_LIBRARIES = YES;
				CODE_SIGN_STYLE = Automatic;
				CURRENT_PROJECT_VERSION = 1;
				DEVELOPMENT_TEAM = BH9MD63W3Y;
				GENERATE_INFOPLIST_FILE = YES;
				MARKETING_VERSION = 1.0;
				PRODUCT_BUNDLE_IDENTIFIER = dhruvi.CaptureItUITests;
				PRODUCT_NAME = "$(TARGET_NAME)";
				SWIFT_EMIT_LOC_STRINGS = NO;
				SWIFT_VERSION = 5.0;
				TARGETED_DEVICE_FAMILY = "1,2";
				TEST_TARGET_NAME = CaptureIt;
			};
			name = Debug;
		};
		A2C537662C26A8E1005AE187 /* Release */ = {
			isa = XCBuildConfiguration;
			buildSettings = {
				ALWAYS_EMBED_SWIFT_STANDARD_LIBRARIES = YES;
				CODE_SIGN_STYLE = Automatic;
				CURRENT_PROJECT_VERSION = 1;
				DEVELOPMENT_TEAM = BH9MD63W3Y;
				GENERATE_INFOPLIST_FILE = YES;
				MARKETING_VERSION = 1.0;
				PRODUCT_BUNDLE_IDENTIFIER = dhruvi.CaptureItUITests;
				PRODUCT_NAME = "$(TARGET_NAME)";
				SWIFT_EMIT_LOC_STRINGS = NO;
				SWIFT_VERSION = 5.0;
				TARGETED_DEVICE_FAMILY = "1,2";
				TEST_TARGET_NAME = CaptureIt;
			};
			name = Release;
		};
/* End XCBuildConfiguration section */

/* Begin XCConfigurationList section */
		A2C5372F2C26A8E0005AE187 /* Build configuration list for PBXProject "CaptureIt" */ = {
			isa = XCConfigurationList;
			buildConfigurations = (
				A2C5375C2C26A8E1005AE187 /* Debug */,
				A2C5375D2C26A8E1005AE187 /* Release */,
			);
			defaultConfigurationIsVisible = 0;
			defaultConfigurationName = Release;
		};
		A2C5375E2C26A8E1005AE187 /* Build configuration list for PBXNativeTarget "CaptureIt" */ = {
			isa = XCConfigurationList;
			buildConfigurations = (
				A2C5375F2C26A8E1005AE187 /* Debug */,
				A2C537602C26A8E1005AE187 /* Release */,
			);
			defaultConfigurationIsVisible = 0;
			defaultConfigurationName = Release;
		};
		A2C537612C26A8E1005AE187 /* Build configuration list for PBXNativeTarget "CaptureItTests" */ = {
			isa = XCConfigurationList;
			buildConfigurations = (
				A2C537622C26A8E1005AE187 /* Debug */,
				A2C537632C26A8E1005AE187 /* Release */,
			);
			defaultConfigurationIsVisible = 0;
			defaultConfigurationName = Release;
		};
		A2C537642C26A8E1005AE187 /* Build configuration list for PBXNativeTarget "CaptureItUITests" */ = {
			isa = XCConfigurationList;
			buildConfigurations = (
				A2C537652C26A8E1005AE187 /* Debug */,
				A2C537662C26A8E1005AE187 /* Release */,
			);
			defaultConfigurationIsVisible = 0;
			defaultConfigurationName = Release;
		};
/* End XCConfigurationList section */
	};
	rootObject = A2C5372C2C26A8E0005AE187 /* Project object */;
}
